
Microsoft Visual Studio Solution File, Format Version 12.00
# Visual Studio Version 17
VisualStudioVersion = 17.12.35209.166
MinimumVisualStudioVersion = 10.0.40219.1
Project("{FAE04EC0-301F-11D3-BF4B-00C04F79EFBC}") = "Nguyen_BT02", "Nguyen_BT02.csproj", "{E3F5273E-E47D-4D6F-B19D-C431002F2ECB}"
EndProject
Global
	GlobalSection(SolutionConfigurationPlatforms) = preSolution
		Debug|Any CPU = Debug|Any CPU
		Release|Any CPU = Release|Any CPU
	EndGlobalSection
	GlobalSection(ProjectConfigurationPlatforms) = postSolution
		{E3F5273E-E47D-4D6F-B19D-C431002F2ECB}.Debug|Any CPU.ActiveCfg = Debug|Any CPU
		{E3F5273E-E47D-4D6F-B19D-C431002F2ECB}.Debug|Any CPU.Build.0 = Debug|Any CPU
		{E3F5273E-E47D-4D6F-B19D-C431002F2ECB}.Release|Any CPU.ActiveCfg = Release|Any CPU
		{E3F5273E-E47D-4D6F-B19D-C431002F2ECB}.Release|Any CPU.Build.0 = Release|Any CPU
	EndGlobalSection
	GlobalSection(SolutionProperties) = preSolution
		HideSolutionNode = FALSE
	EndGlobalSection
	GlobalSection(ExtensibilityGlobals) = postSolution
		SolutionGuid = {DC7F01F1-35B0-4275-BE69-3C610498502C}
	EndGlobalSection
EndGlobal
